// !$*UTF8*$!
{
	archiveVersion = 1;
	classes = {
	};
	objectVersion = 46;
	objects = {

/* Begin PBXBuildFile section */
		00C302E81ABCBA2D00DB3ED1 /* libRCTImage.a in Frameworks */ = {isa = PBXBuildFile; fileRef = 00C302C01ABCB91800DB3ED1 /* libRCTImage.a */; };
		00C302EA1ABCBA2D00DB3ED1 /* libRCTVibration.a in Frameworks */ = {isa = PBXBuildFile; fileRef = 00C302E41ABCB9EE00DB3ED1 /* libRCTVibration.a */; };
		07889E581A9445B781BB8CC4 /* Ionicons.ttf in Resources */ = {isa = PBXBuildFile; fileRef = 9E7C11619100419F85011127 /* Ionicons.ttf */; };
		121D5758DBBA48D6B3F754C2 /* MaterialIcons.ttf in Resources */ = {isa = PBXBuildFile; fileRef = ADEC6EA08A1246CE9E5B228E /* MaterialIcons.ttf */; };
		139105C61AF99C1200B5F7CC /* libRCTSettings.a in Frameworks */ = {isa = PBXBuildFile; fileRef = 139105C11AF99BAD00B5F7CC /* libRCTSettings.a */; };
		13B07FBC1A68108700A75B9A /* AppDelegate.m in Sources */ = {isa = PBXBuildFile; fileRef = 13B07FB01A68108700A75B9A /* AppDelegate.m */; };
		13B07FBD1A68108700A75B9A /* LaunchScreen.xib in Resources */ = {isa = PBXBuildFile; fileRef = 13B07FB11A68108700A75B9A /* LaunchScreen.xib */; };
		13B07FBF1A68108700A75B9A /* Images.xcassets in Resources */ = {isa = PBXBuildFile; fileRef = 13B07FB51A68108700A75B9A /* Images.xcassets */; };
		13B07FC11A68108700A75B9A /* main.m in Sources */ = {isa = PBXBuildFile; fileRef = 13B07FB71A68108700A75B9A /* main.m */; };
		34D774FFBD134B438E426E79 /* Roboto_medium.ttf in Resources */ = {isa = PBXBuildFile; fileRef = F4B8141B0C1C4B52AD4DF220 /* Roboto_medium.ttf */; };
		6500498C93CE4065A9DBFD75 /* Entypo.ttf in Resources */ = {isa = PBXBuildFile; fileRef = A7B79DF360E748B6B26296ED /* Entypo.ttf */; };
		764E6A04CA5841F3AE2A3A92 /* Roboto.ttf in Resources */ = {isa = PBXBuildFile; fileRef = 3EF11D924F08476595CEAE9C /* Roboto.ttf */; };
		832341BD1AAA6AB300B99B32 /* libRCTText.a in Frameworks */ = {isa = PBXBuildFile; fileRef = 832341B51AAA6A8300B99B32 /* libRCTText.a */; };
		83372B1D1EF1C4F2001C32D4 /* libAirMaps.a in Frameworks */ = {isa = PBXBuildFile; fileRef = 83372B1C1EF1C4E7001C32D4 /* libAirMaps.a */; };
		835A97251FA3C8CF005D0ABE /* libRNBackgroundGeolocation.a in Frameworks */ = {isa = PBXBuildFile; fileRef = 835A97221FA3C8C4005D0ABE /* libRNBackgroundGeolocation.a */; };
		835A97271FA3C8DA005D0ABE /* TSLocationManager.framework in Frameworks */ = {isa = PBXBuildFile; fileRef = 835A97261FA3C8DA005D0ABE /* TSLocationManager.framework */; };
		835E97061E744DC3002A1DDC /* libRCTGeolocation.a in Frameworks */ = {isa = PBXBuildFile; fileRef = 00C302BA1ABCB90400DB3ED1 /* libRCTGeolocation.a */; };
		835E97071E744DFD002A1DDC /* libRCTNetwork.a in Frameworks */ = {isa = PBXBuildFile; fileRef = 00C302DC1ABCB9D200DB3ED1 /* libRCTNetwork.a */; };
		835E97841E7457AA002A1DDC /* libReact.a in Frameworks */ = {isa = PBXBuildFile; fileRef = 835E97751E745796002A1DDC /* libReact.a */; };
		835E97941E74586E002A1DDC /* libRCTActionSheet.a in Frameworks */ = {isa = PBXBuildFile; fileRef = 835E978A1E745847002A1DDC /* libRCTActionSheet.a */; };
		835E97951E74586E002A1DDC /* libRCTLinking.a in Frameworks */ = {isa = PBXBuildFile; fileRef = 835E97911E745861002A1DDC /* libRCTLinking.a */; };
		835E979F1E74591F002A1DDC /* libRCTWebSocket.a in Frameworks */ = {isa = PBXBuildFile; fileRef = 835E979C1E745916002A1DDC /* libRCTWebSocket.a */; };
		836901281F20F3980073FC57 /* libz.tbd in Frameworks */ = {isa = PBXBuildFile; fileRef = 836900F81F20EBFB0073FC57 /* libz.tbd */; };
		837651141D3ECBED00268B87 /* Entypo.ttf in Resources */ = {isa = PBXBuildFile; fileRef = 8376510C1D3ECBED00268B87 /* Entypo.ttf */; };
		837651151D3ECBED00268B87 /* EvilIcons.ttf in Resources */ = {isa = PBXBuildFile; fileRef = 8376510D1D3ECBED00268B87 /* EvilIcons.ttf */; };
		837651161D3ECBED00268B87 /* FontAwesome.ttf in Resources */ = {isa = PBXBuildFile; fileRef = 8376510E1D3ECBED00268B87 /* FontAwesome.ttf */; };
		837651171D3ECBED00268B87 /* Foundation.ttf in Resources */ = {isa = PBXBuildFile; fileRef = 8376510F1D3ECBED00268B87 /* Foundation.ttf */; };
		837651181D3ECBED00268B87 /* Ionicons.ttf in Resources */ = {isa = PBXBuildFile; fileRef = 837651101D3ECBED00268B87 /* Ionicons.ttf */; };
		837651191D3ECBED00268B87 /* MaterialIcons.ttf in Resources */ = {isa = PBXBuildFile; fileRef = 837651111D3ECBED00268B87 /* MaterialIcons.ttf */; };
		8376511A1D3ECBED00268B87 /* Octicons.ttf in Resources */ = {isa = PBXBuildFile; fileRef = 837651121D3ECBED00268B87 /* Octicons.ttf */; };
		8376511B1D3ECBED00268B87 /* Zocial.ttf in Resources */ = {isa = PBXBuildFile; fileRef = 837651131D3ECBED00268B87 /* Zocial.ttf */; };
		8380C28A1F17E29E005AFEEB /* libRNBackgroundFetch.a in Frameworks */ = {isa = PBXBuildFile; fileRef = 8380C2801F17E0B6005AFEEB /* libRNBackgroundFetch.a */; };
		838409551E845ED300728E9C /* libRNSpinkit.a in Frameworks */ = {isa = PBXBuildFile; fileRef = 838409541E845EC900728E9C /* libRNSpinkit.a */; };
		8386B2831DF908AE0081B74E /* libCocoaLumberjack.a in Frameworks */ = {isa = PBXBuildFile; fileRef = 8386B27A1DF908960081B74E /* libCocoaLumberjack.a */; };
		83B9CBF01F74BEEE002EF9C2 /* TSBackgroundFetch.framework in Frameworks */ = {isa = PBXBuildFile; fileRef = 839A61EB1D995CCC008F5A84 /* TSBackgroundFetch.framework */; };
		83DE67DF1F17DD1800414438 /* RNBackgroundFetch+AppDelegate.m in Sources */ = {isa = PBXBuildFile; fileRef = 83DE67DE1F17DD1800414438 /* RNBackgroundFetch+AppDelegate.m */; };
		83F45CE41E745D0800E49702 /* libRNVectorIcons.a in Frameworks */ = {isa = PBXBuildFile; fileRef = 83F45CE31E745CF700E49702 /* libRNVectorIcons.a */; };
		83F45CF61E745F6B00E49702 /* libRNDeviceInfo.a in Frameworks */ = {isa = PBXBuildFile; fileRef = 835E97571E745422002A1DDC /* libRNDeviceInfo.a */; };
		83F45E891E75418E00E49702 /* libRCTAnimation.a in Frameworks */ = {isa = PBXBuildFile; fileRef = 83F45E861E75418100E49702 /* libRCTAnimation.a */; };
		83F838D51D58F9A4006EAA2F /* libsqlite3.tbd in Frameworks */ = {isa = PBXBuildFile; fileRef = 837651051D3ECA1E00268B87 /* libsqlite3.tbd */; };
		9916ECE5392A4D35A452466B /* SimpleLineIcons.ttf in Resources */ = {isa = PBXBuildFile; fileRef = 43B857EAB2714BCAB0B2CED3 /* SimpleLineIcons.ttf */; };
		9C47468AC88E4A43A2C6E4AE /* FontAwesome.ttf in Resources */ = {isa = PBXBuildFile; fileRef = 64BDA1334C0E416D858E9DC2 /* FontAwesome.ttf */; };
		C2ABE69BB6F44A46818B1B38 /* EvilIcons.ttf in Resources */ = {isa = PBXBuildFile; fileRef = 9FE43F5F67B3429A9F4FCF79 /* EvilIcons.ttf */; };
		D1D6C86A2640469BA4F386C2 /* Octicons.ttf in Resources */ = {isa = PBXBuildFile; fileRef = ACCBBF3387B1471987106D0F /* Octicons.ttf */; };
		D233C3D2B0B6479187166703 /* Foundation.ttf in Resources */ = {isa = PBXBuildFile; fileRef = 2A6C5F30D4D549A7ADE429C9 /* Foundation.ttf */; };
		F3D55971EFAA4F1FABF153BE /* rubicon-icon-font.ttf in Resources */ = {isa = PBXBuildFile; fileRef = 5867E171860A4BBA9DA17506 /* rubicon-icon-font.ttf */; };
		FBC46B81AEEA49EF95C80FB6 /* Zocial.ttf in Resources */ = {isa = PBXBuildFile; fileRef = 909E5D5435574EB1A4CA19FE /* Zocial.ttf */; };
/* End PBXBuildFile section */

/* Begin PBXContainerItemProxy section */
		00C302B91ABCB90400DB3ED1 /* PBXContainerItemProxy */ = {
			isa = PBXContainerItemProxy;
			containerPortal = 00C302B51ABCB90400DB3ED1 /* RCTGeolocation.xcodeproj */;
			proxyType = 2;
			remoteGlobalIDString = 134814201AA4EA6300B7C361;
			remoteInfo = RCTGeolocation;
		};
		00C302BF1ABCB91800DB3ED1 /* PBXContainerItemProxy */ = {
			isa = PBXContainerItemProxy;
			containerPortal = 00C302BB1ABCB91800DB3ED1 /* RCTImage.xcodeproj */;
			proxyType = 2;
			remoteGlobalIDString = 58B5115D1A9E6B3D00147676;
			remoteInfo = RCTImage;
		};
		00C302DB1ABCB9D200DB3ED1 /* PBXContainerItemProxy */ = {
			isa = PBXContainerItemProxy;
			containerPortal = 00C302D31ABCB9D200DB3ED1 /* RCTNetwork.xcodeproj */;
			proxyType = 2;
			remoteGlobalIDString = 58B511DB1A9E6C8500147676;
			remoteInfo = RCTNetwork;
		};
		00C302E31ABCB9EE00DB3ED1 /* PBXContainerItemProxy */ = {
			isa = PBXContainerItemProxy;
			containerPortal = 00C302DF1ABCB9EE00DB3ED1 /* RCTVibration.xcodeproj */;
			proxyType = 2;
			remoteGlobalIDString = 832C81801AAF6DEF007FA2F7;
			remoteInfo = RCTVibration;
		};
		139105C01AF99BAD00B5F7CC /* PBXContainerItemProxy */ = {
			isa = PBXContainerItemProxy;
			containerPortal = 139105B61AF99BAD00B5F7CC /* RCTSettings.xcodeproj */;
			proxyType = 2;
			remoteGlobalIDString = 134814201AA4EA6300B7C361;
			remoteInfo = RCTSettings;
		};
		832341B41AAA6A8300B99B32 /* PBXContainerItemProxy */ = {
			isa = PBXContainerItemProxy;
			containerPortal = 832341B01AAA6A8300B99B32 /* RCTText.xcodeproj */;
			proxyType = 2;
			remoteGlobalIDString = 58B5119B1A9E6C1200147676;
			remoteInfo = RCTText;
		};
		83372B091EF1C42F001C32D4 /* PBXContainerItemProxy */ = {
			isa = PBXContainerItemProxy;
			containerPortal = 835E97691E745796002A1DDC /* React.xcodeproj */;
			proxyType = 2;
			remoteGlobalIDString = 139D7ECE1E25DB7D00323FB7;
			remoteInfo = "third-party";
		};
		83372B0B1EF1C42F001C32D4 /* PBXContainerItemProxy */ = {
			isa = PBXContainerItemProxy;
			containerPortal = 835E97691E745796002A1DDC /* React.xcodeproj */;
			proxyType = 2;
			remoteGlobalIDString = 139D7E881E25C6D100323FB7;
			remoteInfo = "double-conversion";
		};
		83372B141EF1C42F001C32D4 /* PBXContainerItemProxy */ = {
			isa = PBXContainerItemProxy;
			containerPortal = 8384094F1E845EC900728E9C /* RNSpinkit.xcodeproj */;
			proxyType = 2;
			remoteGlobalIDString = 641194871EC9FD4A00D4FC03;
			remoteInfo = "RNSpinkit-tvOS";
		};
		83372B1B1EF1C4E7001C32D4 /* PBXContainerItemProxy */ = {
			isa = PBXContainerItemProxy;
			containerPortal = 83372B171EF1C4E6001C32D4 /* AirMaps.xcodeproj */;
			proxyType = 2;
			remoteGlobalIDString = 11FA5C511C4A1296003AC2EE;
			remoteInfo = AirMaps;
		};
		835A96B11FA3C45E005D0ABE /* PBXContainerItemProxy */ = {
			isa = PBXContainerItemProxy;
			containerPortal = 835E97961E745916002A1DDC /* RCTWebSocket.xcodeproj */;
			proxyType = 2;
			remoteGlobalIDString = 3DBE0D001F3B181A0099AA32;
			remoteInfo = fishhook;
		};
		835A96B31FA3C45E005D0ABE /* PBXContainerItemProxy */ = {
			isa = PBXContainerItemProxy;
			containerPortal = 835E97961E745916002A1DDC /* RCTWebSocket.xcodeproj */;
			proxyType = 2;
			remoteGlobalIDString = 3DBE0D0D1F3B181C0099AA32;
			remoteInfo = "fishhook-tvOS";
		};
		835A96C51FA3C45E005D0ABE /* PBXContainerItemProxy */ = {
			isa = PBXContainerItemProxy;
			containerPortal = 835E97521E745422002A1DDC /* RNDeviceInfo.xcodeproj */;
			proxyType = 2;
			remoteGlobalIDString = E72EC1401F7ABB5A0001BC90;
			remoteInfo = "RNDeviceInfo-tvOS";
		};
		835A97211FA3C8C4005D0ABE /* PBXContainerItemProxy */ = {
			isa = PBXContainerItemProxy;
			containerPortal = 835A971C1FA3C8C4005D0ABE /* RNBackgroundGeolocation.xcodeproj */;
			proxyType = 2;
			remoteGlobalIDString = 83FF5F851AFD0D2B0016A13E;
			remoteInfo = RNBackgroundGeolocation;
		};
		835A97231FA3C8C4005D0ABE /* PBXContainerItemProxy */ = {
			isa = PBXContainerItemProxy;
			containerPortal = 835A971C1FA3C8C4005D0ABE /* RNBackgroundGeolocation.xcodeproj */;
			proxyType = 2;
			remoteGlobalIDString = 83FF5F901AFD0D2B0016A13E;
			remoteInfo = RNBackgroundGeolocationTests;
		};
		835E97561E745422002A1DDC /* PBXContainerItemProxy */ = {
			isa = PBXContainerItemProxy;
			containerPortal = 835E97521E745422002A1DDC /* RNDeviceInfo.xcodeproj */;
			proxyType = 2;
			remoteGlobalIDString = DA5891D81BA9A9FC002B4DB2;
			remoteInfo = RNDeviceInfo;
		};
		835E97741E745796002A1DDC /* PBXContainerItemProxy */ = {
			isa = PBXContainerItemProxy;
			containerPortal = 835E97691E745796002A1DDC /* React.xcodeproj */;
			proxyType = 2;
			remoteGlobalIDString = 83CBBA2E1A601D0E00E9B192;
			remoteInfo = React;
		};
		835E97761E745796002A1DDC /* PBXContainerItemProxy */ = {
			isa = PBXContainerItemProxy;
			containerPortal = 835E97691E745796002A1DDC /* React.xcodeproj */;
			proxyType = 2;
			remoteGlobalIDString = 2D2A28131D9B038B00D4039D;
			remoteInfo = "React-tvOS";
		};
		835E97781E745796002A1DDC /* PBXContainerItemProxy */ = {
			isa = PBXContainerItemProxy;
			containerPortal = 835E97691E745796002A1DDC /* React.xcodeproj */;
			proxyType = 2;
			remoteGlobalIDString = 3D3C059A1DE3340900C268FA;
			remoteInfo = yoga;
		};
		835E977A1E745796002A1DDC /* PBXContainerItemProxy */ = {
			isa = PBXContainerItemProxy;
			containerPortal = 835E97691E745796002A1DDC /* React.xcodeproj */;
			proxyType = 2;
			remoteGlobalIDString = 3D3C06751DE3340C00C268FA;
			remoteInfo = "yoga-tvOS";
		};
		835E977C1E745796002A1DDC /* PBXContainerItemProxy */ = {
			isa = PBXContainerItemProxy;
			containerPortal = 835E97691E745796002A1DDC /* React.xcodeproj */;
			proxyType = 2;
			remoteGlobalIDString = 3D3CD9251DE5FBEC00167DC4;
			remoteInfo = cxxreact;
		};
		835E977E1E745796002A1DDC /* PBXContainerItemProxy */ = {
			isa = PBXContainerItemProxy;
			containerPortal = 835E97691E745796002A1DDC /* React.xcodeproj */;
			proxyType = 2;
			remoteGlobalIDString = 3D3CD9321DE5FBEE00167DC4;
			remoteInfo = "cxxreact-tvOS";
		};
		835E97801E745796002A1DDC /* PBXContainerItemProxy */ = {
			isa = PBXContainerItemProxy;
			containerPortal = 835E97691E745796002A1DDC /* React.xcodeproj */;
			proxyType = 2;
			remoteGlobalIDString = 3D3CD90B1DE5FBD600167DC4;
			remoteInfo = jschelpers;
		};
		835E97821E745796002A1DDC /* PBXContainerItemProxy */ = {
			isa = PBXContainerItemProxy;
			containerPortal = 835E97691E745796002A1DDC /* React.xcodeproj */;
			proxyType = 2;
			remoteGlobalIDString = 3D3CD9181DE5FBD800167DC4;
			remoteInfo = "jschelpers-tvOS";
		};
		835E97891E745847002A1DDC /* PBXContainerItemProxy */ = {
			isa = PBXContainerItemProxy;
			containerPortal = 835E97851E745846002A1DDC /* RCTActionSheet.xcodeproj */;
			proxyType = 2;
			remoteGlobalIDString = 134814201AA4EA6300B7C361;
			remoteInfo = RCTActionSheet;
		};
		835E97901E745861002A1DDC /* PBXContainerItemProxy */ = {
			isa = PBXContainerItemProxy;
			containerPortal = 835E978B1E745861002A1DDC /* RCTLinking.xcodeproj */;
			proxyType = 2;
			remoteGlobalIDString = 134814201AA4EA6300B7C361;
			remoteInfo = RCTLinking;
		};
		835E97921E745861002A1DDC /* PBXContainerItemProxy */ = {
			isa = PBXContainerItemProxy;
			containerPortal = 835E978B1E745861002A1DDC /* RCTLinking.xcodeproj */;
			proxyType = 2;
			remoteGlobalIDString = 2D2A28471D9B043800D4039D;
			remoteInfo = "RCTLinking-tvOS";
		};
		835E979B1E745916002A1DDC /* PBXContainerItemProxy */ = {
			isa = PBXContainerItemProxy;
			containerPortal = 835E97961E745916002A1DDC /* RCTWebSocket.xcodeproj */;
			proxyType = 2;
			remoteGlobalIDString = 3C86DF461ADF2C930047B81A;
			remoteInfo = RCTWebSocket;
		};
		835E979D1E745916002A1DDC /* PBXContainerItemProxy */ = {
			isa = PBXContainerItemProxy;
			containerPortal = 835E97961E745916002A1DDC /* RCTWebSocket.xcodeproj */;
			proxyType = 2;
			remoteGlobalIDString = 2D2A28881D9B049200D4039D;
			remoteInfo = "RCTWebSocket-tvOS";
		};
		836C60A81DDF5FD900C3BDD4 /* PBXContainerItemProxy */ = {
			isa = PBXContainerItemProxy;
			containerPortal = 00C302BB1ABCB91800DB3ED1 /* RCTImage.xcodeproj */;
			proxyType = 2;
			remoteGlobalIDString = 2D2A283A1D9B042B00D4039D;
			remoteInfo = "RCTImage-tvOS";
		};
		836C60B21DDF5FD900C3BDD4 /* PBXContainerItemProxy */ = {
			isa = PBXContainerItemProxy;
			containerPortal = 00C302D31ABCB9D200DB3ED1 /* RCTNetwork.xcodeproj */;
			proxyType = 2;
			remoteGlobalIDString = 2D2A28541D9B044C00D4039D;
			remoteInfo = "RCTNetwork-tvOS";
		};
		836C60B61DDF5FD900C3BDD4 /* PBXContainerItemProxy */ = {
			isa = PBXContainerItemProxy;
			containerPortal = 139105B61AF99BAD00B5F7CC /* RCTSettings.xcodeproj */;
			proxyType = 2;
			remoteGlobalIDString = 2D2A28611D9B046600D4039D;
			remoteInfo = "RCTSettings-tvOS";
		};
		836C60BA1DDF5FD900C3BDD4 /* PBXContainerItemProxy */ = {
			isa = PBXContainerItemProxy;
			containerPortal = 832341B01AAA6A8300B99B32 /* RCTText.xcodeproj */;
			proxyType = 2;
			remoteGlobalIDString = 2D2A287B1D9B048500D4039D;
			remoteInfo = "RCTText-tvOS";
		};
		8380C27F1F17E0B6005AFEEB /* PBXContainerItemProxy */ = {
			isa = PBXContainerItemProxy;
			containerPortal = 8380C2771F17E0B6005AFEEB /* RNBackgroundFetch.xcodeproj */;
			proxyType = 2;
			remoteGlobalIDString = 835318541D52293F005738CD;
			remoteInfo = RNBackgroundFetch;
		};
		838409531E845EC900728E9C /* PBXContainerItemProxy */ = {
			isa = PBXContainerItemProxy;
			containerPortal = 8384094F1E845EC900728E9C /* RNSpinkit.xcodeproj */;
			proxyType = 2;
			remoteGlobalIDString = D42CB3511B2538DE00FD0AE2;
			remoteInfo = RNSpinkit;
		};
		8386B2711DF908960081B74E /* PBXContainerItemProxy */ = {
			isa = PBXContainerItemProxy;
			containerPortal = 8386B2641DF908960081B74E /* Lumberjack.xcodeproj */;
			proxyType = 2;
			remoteGlobalIDString = DCB3185114EB418E001CFBEE;
			remoteInfo = CocoaLumberjack;
		};
		8386B2731DF908960081B74E /* PBXContainerItemProxy */ = {
			isa = PBXContainerItemProxy;
			containerPortal = 8386B2641DF908960081B74E /* Lumberjack.xcodeproj */;
			proxyType = 2;
			remoteGlobalIDString = 18F3BF0F1A81D8B700692297;
			remoteInfo = CocoaLumberjackSwift;
		};
		8386B2751DF908960081B74E /* PBXContainerItemProxy */ = {
			isa = PBXContainerItemProxy;
			containerPortal = 8386B2641DF908960081B74E /* Lumberjack.xcodeproj */;
			proxyType = 2;
			remoteGlobalIDString = 19FF46021B8B4CF400B43179;
			remoteInfo = "CocoaLumberjack-iOS";
		};
		8386B2771DF908960081B74E /* PBXContainerItemProxy */ = {
			isa = PBXContainerItemProxy;
			containerPortal = 8386B2641DF908960081B74E /* Lumberjack.xcodeproj */;
			proxyType = 2;
			remoteGlobalIDString = 19FF460F1B8B4D1400B43179;
			remoteInfo = "CocoaLumberjackSwift-iOS";
		};
		8386B2791DF908960081B74E /* PBXContainerItemProxy */ = {
			isa = PBXContainerItemProxy;
			containerPortal = 8386B2641DF908960081B74E /* Lumberjack.xcodeproj */;
			proxyType = 2;
			remoteGlobalIDString = 18F3BFD71A81E06E00692297;
			remoteInfo = "CocoaLumberjack-iOS-Static";
		};
		8386B27B1DF908960081B74E /* PBXContainerItemProxy */ = {
			isa = PBXContainerItemProxy;
			containerPortal = 8386B2641DF908960081B74E /* Lumberjack.xcodeproj */;
			proxyType = 2;
			remoteGlobalIDString = 19190EDE1B84D812008D059E;
			remoteInfo = "CocoaLumberjack-watchOS";
		};
		8386B27D1DF908960081B74E /* PBXContainerItemProxy */ = {
			isa = PBXContainerItemProxy;
			containerPortal = 8386B2641DF908960081B74E /* Lumberjack.xcodeproj */;
			proxyType = 2;
			remoteGlobalIDString = 19190EEB1B84D826008D059E;
			remoteInfo = "CocoaLumberjackSwift-watchOS";
		};
		8386B27F1DF908960081B74E /* PBXContainerItemProxy */ = {
			isa = PBXContainerItemProxy;
			containerPortal = 8386B2641DF908960081B74E /* Lumberjack.xcodeproj */;
			proxyType = 2;
			remoteGlobalIDString = 19D90B261BBFA9DB00947169;
			remoteInfo = "CocoaLumberjack-tvOS";
		};
		8386B2811DF908960081B74E /* PBXContainerItemProxy */ = {
			isa = PBXContainerItemProxy;
			containerPortal = 8386B2641DF908960081B74E /* Lumberjack.xcodeproj */;
			proxyType = 2;
			remoteGlobalIDString = 19D90B351BBFAA7500947169;
			remoteInfo = "CocoaLumberjackSwift-tvOS";
		};
		83BED7D81F34BC4000EF1EAE /* PBXContainerItemProxy */ = {
			isa = PBXContainerItemProxy;
			containerPortal = 835E97691E745796002A1DDC /* React.xcodeproj */;
			proxyType = 2;
			remoteGlobalIDString = 3D383D3C1EBD27B6005632C8;
			remoteInfo = "third-party-tvOS";
		};
		83BED7DA1F34BC4000EF1EAE /* PBXContainerItemProxy */ = {
			isa = PBXContainerItemProxy;
			containerPortal = 835E97691E745796002A1DDC /* React.xcodeproj */;
			proxyType = 2;
			remoteGlobalIDString = 3D383D621EBD27B9005632C8;
			remoteInfo = "double-conversion-tvOS";
		};
		83F45CE21E745CF700E49702 /* PBXContainerItemProxy */ = {
			isa = PBXContainerItemProxy;
			containerPortal = 83F45CDE1E745CF700E49702 /* RNVectorIcons.xcodeproj */;
			proxyType = 2;
			remoteGlobalIDString = 5DBEB1501B18CEA900B34395;
			remoteInfo = RNVectorIcons;
		};
		83F45E851E75418100E49702 /* PBXContainerItemProxy */ = {
			isa = PBXContainerItemProxy;
			containerPortal = 83F45E801E75418100E49702 /* RCTAnimation.xcodeproj */;
			proxyType = 2;
			remoteGlobalIDString = 134814201AA4EA6300B7C361;
			remoteInfo = RCTAnimation;
		};
		83F45E871E75418100E49702 /* PBXContainerItemProxy */ = {
			isa = PBXContainerItemProxy;
			containerPortal = 83F45E801E75418100E49702 /* RCTAnimation.xcodeproj */;
			proxyType = 2;
			remoteGlobalIDString = 2D2A28201D9B03D100D4039D;
			remoteInfo = "RCTAnimation-tvOS";
		};
/* End PBXContainerItemProxy section */

/* Begin PBXFileReference section */
		008F07F21AC5B25A0029DE68 /* main.jsbundle */ = {isa = PBXFileReference; fileEncoding = 4; lastKnownFileType = text; path = main.jsbundle; sourceTree = "<group>"; };
		00C302B51ABCB90400DB3ED1 /* RCTGeolocation.xcodeproj */ = {isa = PBXFileReference; lastKnownFileType = "wrapper.pb-project"; name = RCTGeolocation.xcodeproj; path = "../node_modules/react-native/Libraries/Geolocation/RCTGeolocation.xcodeproj"; sourceTree = "<group>"; };
		00C302BB1ABCB91800DB3ED1 /* RCTImage.xcodeproj */ = {isa = PBXFileReference; lastKnownFileType = "wrapper.pb-project"; name = RCTImage.xcodeproj; path = "../node_modules/react-native/Libraries/Image/RCTImage.xcodeproj"; sourceTree = "<group>"; };
		00C302D31ABCB9D200DB3ED1 /* RCTNetwork.xcodeproj */ = {isa = PBXFileReference; lastKnownFileType = "wrapper.pb-project"; name = RCTNetwork.xcodeproj; path = "../node_modules/react-native/Libraries/Network/RCTNetwork.xcodeproj"; sourceTree = "<group>"; };
		00C302DF1ABCB9EE00DB3ED1 /* RCTVibration.xcodeproj */ = {isa = PBXFileReference; lastKnownFileType = "wrapper.pb-project"; name = RCTVibration.xcodeproj; path = "../node_modules/react-native/Libraries/Vibration/RCTVibration.xcodeproj"; sourceTree = "<group>"; };
		00E356F11AD99517003FC87E /* Info.plist */ = {isa = PBXFileReference; lastKnownFileType = text.plist.xml; path = Info.plist; sourceTree = "<group>"; };
		00E356F21AD99517003FC87E /* RNBackgroundGeolocationSampleTests.m */ = {isa = PBXFileReference; lastKnownFileType = sourcecode.c.objc; path = RNBackgroundGeolocationSampleTests.m; sourceTree = "<group>"; };
		139105B61AF99BAD00B5F7CC /* RCTSettings.xcodeproj */ = {isa = PBXFileReference; lastKnownFileType = "wrapper.pb-project"; name = RCTSettings.xcodeproj; path = "../node_modules/react-native/Libraries/Settings/RCTSettings.xcodeproj"; sourceTree = "<group>"; };
		13B07F961A680F5B00A75B9A /* RNBackgroundGeolocationSample.app */ = {isa = PBXFileReference; explicitFileType = wrapper.application; includeInIndex = 0; path = RNBackgroundGeolocationSample.app; sourceTree = BUILT_PRODUCTS_DIR; };
		13B07FAF1A68108700A75B9A /* AppDelegate.h */ = {isa = PBXFileReference; fileEncoding = 4; lastKnownFileType = sourcecode.c.h; name = AppDelegate.h; path = RNBackgroundGeolocationSample/AppDelegate.h; sourceTree = "<group>"; };
		13B07FB01A68108700A75B9A /* AppDelegate.m */ = {isa = PBXFileReference; fileEncoding = 4; lastKnownFileType = sourcecode.c.objc; name = AppDelegate.m; path = RNBackgroundGeolocationSample/AppDelegate.m; sourceTree = "<group>"; };
		13B07FB21A68108700A75B9A /* Base */ = {isa = PBXFileReference; lastKnownFileType = file.xib; name = Base; path = Base.lproj/LaunchScreen.xib; sourceTree = "<group>"; };
		13B07FB51A68108700A75B9A /* Images.xcassets */ = {isa = PBXFileReference; lastKnownFileType = folder.assetcatalog; name = Images.xcassets; path = RNBackgroundGeolocationSample/Images.xcassets; sourceTree = "<group>"; };
		13B07FB61A68108700A75B9A /* Info.plist */ = {isa = PBXFileReference; fileEncoding = 4; lastKnownFileType = text.plist.xml; name = Info.plist; path = RNBackgroundGeolocationSample/Info.plist; sourceTree = "<group>"; };
		13B07FB71A68108700A75B9A /* main.m */ = {isa = PBXFileReference; fileEncoding = 4; lastKnownFileType = sourcecode.c.objc; name = main.m; path = RNBackgroundGeolocationSample/main.m; sourceTree = "<group>"; };
		2A6C5F30D4D549A7ADE429C9 /* Foundation.ttf */ = {isa = PBXFileReference; explicitFileType = undefined; fileEncoding = 9; includeInIndex = 0; lastKnownFileType = unknown; name = Foundation.ttf; path = "../node_modules/native-base/Fonts/Foundation.ttf"; sourceTree = "<group>"; };
		3EF11D924F08476595CEAE9C /* Roboto.ttf */ = {isa = PBXFileReference; explicitFileType = undefined; fileEncoding = 9; includeInIndex = 0; lastKnownFileType = unknown; name = Roboto.ttf; path = "../node_modules/native-base/Fonts/Roboto.ttf"; sourceTree = "<group>"; };
		43B857EAB2714BCAB0B2CED3 /* SimpleLineIcons.ttf */ = {isa = PBXFileReference; explicitFileType = undefined; fileEncoding = 9; includeInIndex = 0; lastKnownFileType = unknown; name = SimpleLineIcons.ttf; path = "../node_modules/native-base/Fonts/SimpleLineIcons.ttf"; sourceTree = "<group>"; };
		5867E171860A4BBA9DA17506 /* rubicon-icon-font.ttf */ = {isa = PBXFileReference; explicitFileType = undefined; fileEncoding = 9; includeInIndex = 0; lastKnownFileType = unknown; name = "rubicon-icon-font.ttf"; path = "../node_modules/native-base/Fonts/rubicon-icon-font.ttf"; sourceTree = "<group>"; };
		64BDA1334C0E416D858E9DC2 /* FontAwesome.ttf */ = {isa = PBXFileReference; explicitFileType = undefined; fileEncoding = 9; includeInIndex = 0; lastKnownFileType = unknown; name = FontAwesome.ttf; path = "../node_modules/native-base/Fonts/FontAwesome.ttf"; sourceTree = "<group>"; };
		832341B01AAA6A8300B99B32 /* RCTText.xcodeproj */ = {isa = PBXFileReference; lastKnownFileType = "wrapper.pb-project"; name = RCTText.xcodeproj; path = "../node_modules/react-native/Libraries/Text/RCTText.xcodeproj"; sourceTree = "<group>"; };
		83372B171EF1C4E6001C32D4 /* AirMaps.xcodeproj */ = {isa = PBXFileReference; lastKnownFileType = "wrapper.pb-project"; name = AirMaps.xcodeproj; path = "../node_modules/react-native-maps/lib/ios/AirMaps.xcodeproj"; sourceTree = "<group>"; };
		835A971C1FA3C8C4005D0ABE /* RNBackgroundGeolocation.xcodeproj */ = {isa = PBXFileReference; lastKnownFileType = "wrapper.pb-project"; name = RNBackgroundGeolocation.xcodeproj; path = "../node_modules/react-native-background-geolocation/ios/RNBackgroundGeolocation.xcodeproj"; sourceTree = "<group>"; };
		835A97261FA3C8DA005D0ABE /* TSLocationManager.framework */ = {isa = PBXFileReference; lastKnownFileType = wrapper.framework; name = TSLocationManager.framework; path = "../node_modules/react-native-background-geolocation/ios/RNBackgroundGeolocation/TSLocationManager.framework"; sourceTree = "<group>"; };
		835E97521E745422002A1DDC /* RNDeviceInfo.xcodeproj */ = {isa = PBXFileReference; lastKnownFileType = "wrapper.pb-project"; name = RNDeviceInfo.xcodeproj; path = "../node_modules/react-native-device-info/RNDeviceInfo.xcodeproj"; sourceTree = "<group>"; };
		835E97691E745796002A1DDC /* React.xcodeproj */ = {isa = PBXFileReference; lastKnownFileType = "wrapper.pb-project"; name = React.xcodeproj; path = "../node_modules/react-native/React/React.xcodeproj"; sourceTree = "<group>"; };
		835E97851E745846002A1DDC /* RCTActionSheet.xcodeproj */ = {isa = PBXFileReference; lastKnownFileType = "wrapper.pb-project"; name = RCTActionSheet.xcodeproj; path = "../node_modules/react-native/Libraries/ActionSheetIOS/RCTActionSheet.xcodeproj"; sourceTree = "<group>"; };
		835E978B1E745861002A1DDC /* RCTLinking.xcodeproj */ = {isa = PBXFileReference; lastKnownFileType = "wrapper.pb-project"; name = RCTLinking.xcodeproj; path = "../node_modules/react-native/Libraries/LinkingIOS/RCTLinking.xcodeproj"; sourceTree = "<group>"; };
		835E97961E745916002A1DDC /* RCTWebSocket.xcodeproj */ = {isa = PBXFileReference; lastKnownFileType = "wrapper.pb-project"; name = RCTWebSocket.xcodeproj; path = "../node_modules/react-native/Libraries/WebSocket/RCTWebSocket.xcodeproj"; sourceTree = "<group>"; };
		836900F81F20EBFB0073FC57 /* libz.tbd */ = {isa = PBXFileReference; lastKnownFileType = "sourcecode.text-based-dylib-definition"; name = libz.tbd; path = usr/lib/libz.tbd; sourceTree = SDKROOT; };
		837651051D3ECA1E00268B87 /* libsqlite3.tbd */ = {isa = PBXFileReference; lastKnownFileType = "sourcecode.text-based-dylib-definition"; name = libsqlite3.tbd; path = usr/lib/libsqlite3.tbd; sourceTree = SDKROOT; };
		8376510C1D3ECBED00268B87 /* Entypo.ttf */ = {isa = PBXFileReference; lastKnownFileType = file; path = Entypo.ttf; sourceTree = "<group>"; };
		8376510D1D3ECBED00268B87 /* EvilIcons.ttf */ = {isa = PBXFileReference; lastKnownFileType = file; path = EvilIcons.ttf; sourceTree = "<group>"; };
		8376510E1D3ECBED00268B87 /* FontAwesome.ttf */ = {isa = PBXFileReference; lastKnownFileType = file; path = FontAwesome.ttf; sourceTree = "<group>"; };
		8376510F1D3ECBED00268B87 /* Foundation.ttf */ = {isa = PBXFileReference; lastKnownFileType = file; path = Foundation.ttf; sourceTree = "<group>"; };
		837651101D3ECBED00268B87 /* Ionicons.ttf */ = {isa = PBXFileReference; lastKnownFileType = file; path = Ionicons.ttf; sourceTree = "<group>"; };
		837651111D3ECBED00268B87 /* MaterialIcons.ttf */ = {isa = PBXFileReference; lastKnownFileType = file; path = MaterialIcons.ttf; sourceTree = "<group>"; };
		837651121D3ECBED00268B87 /* Octicons.ttf */ = {isa = PBXFileReference; lastKnownFileType = file; path = Octicons.ttf; sourceTree = "<group>"; };
		837651131D3ECBED00268B87 /* Zocial.ttf */ = {isa = PBXFileReference; lastKnownFileType = file; path = Zocial.ttf; sourceTree = "<group>"; };
		8380C2771F17E0B6005AFEEB /* RNBackgroundFetch.xcodeproj */ = {isa = PBXFileReference; lastKnownFileType = "wrapper.pb-project"; name = RNBackgroundFetch.xcodeproj; path = "../node_modules/react-native-background-fetch/ios/RNBackgroundFetch.xcodeproj"; sourceTree = "<group>"; };
		8384094F1E845EC900728E9C /* RNSpinkit.xcodeproj */ = {isa = PBXFileReference; lastKnownFileType = "wrapper.pb-project"; name = RNSpinkit.xcodeproj; path = "../node_modules/react-native-spinkit/ios/RNSpinkit.xcodeproj"; sourceTree = "<group>"; };
		8386B2641DF908960081B74E /* Lumberjack.xcodeproj */ = {isa = PBXFileReference; lastKnownFileType = "wrapper.pb-project"; name = Lumberjack.xcodeproj; path = "../node_modules/cocoa-lumberjack/CocoaLumberjack/Lumberjack.xcodeproj"; sourceTree = "<group>"; };
		839A61EB1D995CCC008F5A84 /* TSBackgroundFetch.framework */ = {isa = PBXFileReference; lastKnownFileType = wrapper.framework; name = TSBackgroundFetch.framework; path = "../node_modules/react-native-background-fetch/ios/RNBackgroundFetch/TSBackgroundFetch.framework"; sourceTree = "<group>"; };
		83DE67DE1F17DD1800414438 /* RNBackgroundFetch+AppDelegate.m */ = {isa = PBXFileReference; fileEncoding = 4; lastKnownFileType = sourcecode.c.objc; name = "RNBackgroundFetch+AppDelegate.m"; path = "../node_modules/react-native-background-fetch/ios/RNBackgroundFetch/RNBackgroundFetch+AppDelegate.m"; sourceTree = "<group>"; };
		83F45CDE1E745CF700E49702 /* RNVectorIcons.xcodeproj */ = {isa = PBXFileReference; lastKnownFileType = "wrapper.pb-project"; name = RNVectorIcons.xcodeproj; path = "../node_modules/react-native-vector-icons/RNVectorIcons.xcodeproj"; sourceTree = "<group>"; };
		83F45E801E75418100E49702 /* RCTAnimation.xcodeproj */ = {isa = PBXFileReference; lastKnownFileType = "wrapper.pb-project"; name = RCTAnimation.xcodeproj; path = "../node_modules/react-native/Libraries/NativeAnimation/RCTAnimation.xcodeproj"; sourceTree = "<group>"; };
		909E5D5435574EB1A4CA19FE /* Zocial.ttf */ = {isa = PBXFileReference; explicitFileType = undefined; fileEncoding = 9; includeInIndex = 0; lastKnownFileType = unknown; name = Zocial.ttf; path = "../node_modules/native-base/Fonts/Zocial.ttf"; sourceTree = "<group>"; };
		9E7C11619100419F85011127 /* Ionicons.ttf */ = {isa = PBXFileReference; explicitFileType = undefined; fileEncoding = 9; includeInIndex = 0; lastKnownFileType = unknown; name = Ionicons.ttf; path = "../node_modules/native-base/Fonts/Ionicons.ttf"; sourceTree = "<group>"; };
		9FE43F5F67B3429A9F4FCF79 /* EvilIcons.ttf */ = {isa = PBXFileReference; explicitFileType = undefined; fileEncoding = 9; includeInIndex = 0; lastKnownFileType = unknown; name = EvilIcons.ttf; path = "../node_modules/native-base/Fonts/EvilIcons.ttf"; sourceTree = "<group>"; };
		A7B79DF360E748B6B26296ED /* Entypo.ttf */ = {isa = PBXFileReference; explicitFileType = undefined; fileEncoding = 9; includeInIndex = 0; lastKnownFileType = unknown; name = Entypo.ttf; path = "../node_modules/native-base/Fonts/Entypo.ttf"; sourceTree = "<group>"; };
		ACCBBF3387B1471987106D0F /* Octicons.ttf */ = {isa = PBXFileReference; explicitFileType = undefined; fileEncoding = 9; includeInIndex = 0; lastKnownFileType = unknown; name = Octicons.ttf; path = "../node_modules/native-base/Fonts/Octicons.ttf"; sourceTree = "<group>"; };
		ADEC6EA08A1246CE9E5B228E /* MaterialIcons.ttf */ = {isa = PBXFileReference; explicitFileType = undefined; fileEncoding = 9; includeInIndex = 0; lastKnownFileType = unknown; name = MaterialIcons.ttf; path = "../node_modules/native-base/Fonts/MaterialIcons.ttf"; sourceTree = "<group>"; };
		F4B8141B0C1C4B52AD4DF220 /* Roboto_medium.ttf */ = {isa = PBXFileReference; explicitFileType = undefined; fileEncoding = 9; includeInIndex = 0; lastKnownFileType = unknown; name = Roboto_medium.ttf; path = "../node_modules/native-base/Fonts/Roboto_medium.ttf"; sourceTree = "<group>"; };
/* End PBXFileReference section */

/* Begin PBXFrameworksBuildPhase section */
		13B07F8C1A680F5B00A75B9A /* Frameworks */ = {
			isa = PBXFrameworksBuildPhase;
			buildActionMask = 2147483647;
			files = (
				835A97271FA3C8DA005D0ABE /* TSLocationManager.framework in Frameworks */,
				835A97251FA3C8CF005D0ABE /* libRNBackgroundGeolocation.a in Frameworks */,
				83B9CBF01F74BEEE002EF9C2 /* TSBackgroundFetch.framework in Frameworks */,
				836901281F20F3980073FC57 /* libz.tbd in Frameworks */,
				8380C28A1F17E29E005AFEEB /* libRNBackgroundFetch.a in Frameworks */,
				83372B1D1EF1C4F2001C32D4 /* libAirMaps.a in Frameworks */,
				838409551E845ED300728E9C /* libRNSpinkit.a in Frameworks */,
				83F45E891E75418E00E49702 /* libRCTAnimation.a in Frameworks */,
				83F45CF61E745F6B00E49702 /* libRNDeviceInfo.a in Frameworks */,
				83F45CE41E745D0800E49702 /* libRNVectorIcons.a in Frameworks */,
				835E979F1E74591F002A1DDC /* libRCTWebSocket.a in Frameworks */,
				835E97941E74586E002A1DDC /* libRCTActionSheet.a in Frameworks */,
				835E97951E74586E002A1DDC /* libRCTLinking.a in Frameworks */,
				835E97841E7457AA002A1DDC /* libReact.a in Frameworks */,
				835E97071E744DFD002A1DDC /* libRCTNetwork.a in Frameworks */,
				835E97061E744DC3002A1DDC /* libRCTGeolocation.a in Frameworks */,
				8386B2831DF908AE0081B74E /* libCocoaLumberjack.a in Frameworks */,
				83F838D51D58F9A4006EAA2F /* libsqlite3.tbd in Frameworks */,
				00C302E81ABCBA2D00DB3ED1 /* libRCTImage.a in Frameworks */,
				139105C61AF99C1200B5F7CC /* libRCTSettings.a in Frameworks */,
				832341BD1AAA6AB300B99B32 /* libRCTText.a in Frameworks */,
				00C302EA1ABCBA2D00DB3ED1 /* libRCTVibration.a in Frameworks */,
			);
			runOnlyForDeploymentPostprocessing = 0;
		};
/* End PBXFrameworksBuildPhase section */

/* Begin PBXGroup section */
		00C302B61ABCB90400DB3ED1 /* Products */ = {
			isa = PBXGroup;
			children = (
				00C302BA1ABCB90400DB3ED1 /* libRCTGeolocation.a */,
			);
			name = Products;
			sourceTree = "<group>";
		};
		00C302BC1ABCB91800DB3ED1 /* Products */ = {
			isa = PBXGroup;
			children = (
				00C302C01ABCB91800DB3ED1 /* libRCTImage.a */,
				836C60A91DDF5FD900C3BDD4 /* libRCTImage-tvOS.a */,
			);
			name = Products;
			sourceTree = "<group>";
		};
		00C302D41ABCB9D200DB3ED1 /* Products */ = {
			isa = PBXGroup;
			children = (
				00C302DC1ABCB9D200DB3ED1 /* libRCTNetwork.a */,
				836C60B31DDF5FD900C3BDD4 /* libRCTNetwork-tvOS.a */,
			);
			name = Products;
			sourceTree = "<group>";
		};
		00C302E01ABCB9EE00DB3ED1 /* Products */ = {
			isa = PBXGroup;
			children = (
				00C302E41ABCB9EE00DB3ED1 /* libRCTVibration.a */,
			);
			name = Products;
			sourceTree = "<group>";
		};
		00E356EF1AD99517003FC87E /* RNBackgroundGeolocationSampleTests */ = {
			isa = PBXGroup;
			children = (
				00E356F21AD99517003FC87E /* RNBackgroundGeolocationSampleTests.m */,
				00E356F01AD99517003FC87E /* Supporting Files */,
			);
			path = RNBackgroundGeolocationSampleTests;
			sourceTree = "<group>";
		};
		00E356F01AD99517003FC87E /* Supporting Files */ = {
			isa = PBXGroup;
			children = (
				00E356F11AD99517003FC87E /* Info.plist */,
			);
			name = "Supporting Files";
			sourceTree = "<group>";
		};
		035DE46F34D644999583C5C5 /* Resources */ = {
			isa = PBXGroup;
			children = (
				A7B79DF360E748B6B26296ED /* Entypo.ttf */,
				9FE43F5F67B3429A9F4FCF79 /* EvilIcons.ttf */,
				64BDA1334C0E416D858E9DC2 /* FontAwesome.ttf */,
				2A6C5F30D4D549A7ADE429C9 /* Foundation.ttf */,
				9E7C11619100419F85011127 /* Ionicons.ttf */,
				ADEC6EA08A1246CE9E5B228E /* MaterialIcons.ttf */,
				ACCBBF3387B1471987106D0F /* Octicons.ttf */,
				F4B8141B0C1C4B52AD4DF220 /* Roboto_medium.ttf */,
				3EF11D924F08476595CEAE9C /* Roboto.ttf */,
				5867E171860A4BBA9DA17506 /* rubicon-icon-font.ttf */,
				43B857EAB2714BCAB0B2CED3 /* SimpleLineIcons.ttf */,
				909E5D5435574EB1A4CA19FE /* Zocial.ttf */,
			);
			name = Resources;
			sourceTree = "<group>";
		};
		139105B71AF99BAD00B5F7CC /* Products */ = {
			isa = PBXGroup;
			children = (
				139105C11AF99BAD00B5F7CC /* libRCTSettings.a */,
				836C60B71DDF5FD900C3BDD4 /* libRCTSettings-tvOS.a */,
			);
			name = Products;
			sourceTree = "<group>";
		};
		13B07FAE1A68108700A75B9A /* RNBackgroundGeolocationSample */ = {
			isa = PBXGroup;
			children = (
				83DE67DE1F17DD1800414438 /* RNBackgroundFetch+AppDelegate.m */,
				008F07F21AC5B25A0029DE68 /* main.jsbundle */,
				13B07FAF1A68108700A75B9A /* AppDelegate.h */,
				13B07FB01A68108700A75B9A /* AppDelegate.m */,
				13B07FB51A68108700A75B9A /* Images.xcassets */,
				13B07FB61A68108700A75B9A /* Info.plist */,
				13B07FB11A68108700A75B9A /* LaunchScreen.xib */,
				13B07FB71A68108700A75B9A /* main.m */,
			);
			name = RNBackgroundGeolocationSample;
			sourceTree = "<group>";
		};
		832341AE1AAA6A7D00B99B32 /* Libraries */ = {
			isa = PBXGroup;
			children = (
				835A971C1FA3C8C4005D0ABE /* RNBackgroundGeolocation.xcodeproj */,
				8380C2771F17E0B6005AFEEB /* RNBackgroundFetch.xcodeproj */,
				83372B171EF1C4E6001C32D4 /* AirMaps.xcodeproj */,
				8384094F1E845EC900728E9C /* RNSpinkit.xcodeproj */,
				83F45E801E75418100E49702 /* RCTAnimation.xcodeproj */,
				83F45CDE1E745CF700E49702 /* RNVectorIcons.xcodeproj */,
				835E97961E745916002A1DDC /* RCTWebSocket.xcodeproj */,
				835E978B1E745861002A1DDC /* RCTLinking.xcodeproj */,
				835E97851E745846002A1DDC /* RCTActionSheet.xcodeproj */,
				835E97691E745796002A1DDC /* React.xcodeproj */,
				835E97521E745422002A1DDC /* RNDeviceInfo.xcodeproj */,
				8386B2641DF908960081B74E /* Lumberjack.xcodeproj */,
				00C302B51ABCB90400DB3ED1 /* RCTGeolocation.xcodeproj */,
				00C302BB1ABCB91800DB3ED1 /* RCTImage.xcodeproj */,
				00C302D31ABCB9D200DB3ED1 /* RCTNetwork.xcodeproj */,
				139105B61AF99BAD00B5F7CC /* RCTSettings.xcodeproj */,
				832341B01AAA6A8300B99B32 /* RCTText.xcodeproj */,
				00C302DF1ABCB9EE00DB3ED1 /* RCTVibration.xcodeproj */,
			);
			name = Libraries;
			sourceTree = "<group>";
		};
		832341B11AAA6A8300B99B32 /* Products */ = {
			isa = PBXGroup;
			children = (
				832341B51AAA6A8300B99B32 /* libRCTText.a */,
				836C60BB1DDF5FD900C3BDD4 /* libRCTText-tvOS.a */,
			);
			name = Products;
			sourceTree = "<group>";
		};
		83372B181EF1C4E6001C32D4 /* Products */ = {
			isa = PBXGroup;
			children = (
				83372B1C1EF1C4E7001C32D4 /* libAirMaps.a */,
			);
			name = Products;
			sourceTree = "<group>";
		};
		835A971D1FA3C8C4005D0ABE /* Products */ = {
			isa = PBXGroup;
			children = (
				835A97221FA3C8C4005D0ABE /* libRNBackgroundGeolocation.a */,
				835A97241FA3C8C4005D0ABE /* RNBackgroundGeolocationTests.xctest */,
			);
			name = Products;
			sourceTree = "<group>";
		};
		835E97531E745422002A1DDC /* Products */ = {
			isa = PBXGroup;
			children = (
				835E97571E745422002A1DDC /* libRNDeviceInfo.a */,
				835A96C61FA3C45E005D0ABE /* libRNDeviceInfo-tvOS.a */,
			);
			name = Products;
			sourceTree = "<group>";
		};
		835E976A1E745796002A1DDC /* Products */ = {
			isa = PBXGroup;
			children = (
				835E97751E745796002A1DDC /* libReact.a */,
				835E97771E745796002A1DDC /* libReact.a */,
				835E97791E745796002A1DDC /* libyoga.a */,
				835E977B1E745796002A1DDC /* libyoga.a */,
				835E977D1E745796002A1DDC /* libcxxreact.a */,
				835E977F1E745796002A1DDC /* libcxxreact.a */,
				835E97811E745796002A1DDC /* libjschelpers.a */,
				835E97831E745796002A1DDC /* libjschelpers.a */,
				83372B0A1EF1C42F001C32D4 /* libthird-party.a */,
				83BED7D91F34BC4000EF1EAE /* libthird-party.a */,
				83372B0C1EF1C42F001C32D4 /* libdouble-conversion.a */,
				83BED7DB1F34BC4000EF1EAE /* libdouble-conversion.a */,
			);
			name = Products;
			sourceTree = "<group>";
		};
		835E97861E745846002A1DDC /* Products */ = {
			isa = PBXGroup;
			children = (
				835E978A1E745847002A1DDC /* libRCTActionSheet.a */,
			);
			name = Products;
			sourceTree = "<group>";
		};
		835E978C1E745861002A1DDC /* Products */ = {
			isa = PBXGroup;
			children = (
				835E97911E745861002A1DDC /* libRCTLinking.a */,
				835E97931E745861002A1DDC /* libRCTLinking-tvOS.a */,
			);
			name = Products;
			sourceTree = "<group>";
		};
		835E97971E745916002A1DDC /* Products */ = {
			isa = PBXGroup;
			children = (
				835E979C1E745916002A1DDC /* libRCTWebSocket.a */,
				835E979E1E745916002A1DDC /* libRCTWebSocket-tvOS.a */,
				835A96B21FA3C45E005D0ABE /* libfishhook.a */,
				835A96B41FA3C45E005D0ABE /* libfishhook-tvOS.a */,
			);
			name = Products;
			sourceTree = "<group>";
		};
		8376510B1D3ECBED00268B87 /* Fonts */ = {
			isa = PBXGroup;
			children = (
				8376510C1D3ECBED00268B87 /* Entypo.ttf */,
				8376510D1D3ECBED00268B87 /* EvilIcons.ttf */,
				8376510E1D3ECBED00268B87 /* FontAwesome.ttf */,
				8376510F1D3ECBED00268B87 /* Foundation.ttf */,
				837651101D3ECBED00268B87 /* Ionicons.ttf */,
				837651111D3ECBED00268B87 /* MaterialIcons.ttf */,
				837651121D3ECBED00268B87 /* Octicons.ttf */,
				837651131D3ECBED00268B87 /* Zocial.ttf */,
			);
			path = Fonts;
			sourceTree = "<group>";
		};
		8380C2781F17E0B6005AFEEB /* Products */ = {
			isa = PBXGroup;
			children = (
				8380C2801F17E0B6005AFEEB /* libRNBackgroundFetch.a */,
			);
			name = Products;
			sourceTree = "<group>";
		};
		838409501E845EC900728E9C /* Products */ = {
			isa = PBXGroup;
			children = (
				838409541E845EC900728E9C /* libRNSpinkit.a */,
				83372B151EF1C42F001C32D4 /* libRNSpinkit.a */,
			);
			name = Products;
			sourceTree = "<group>";
		};
		8386B2651DF908960081B74E /* Products */ = {
			isa = PBXGroup;
			children = (
				8386B2721DF908960081B74E /* CocoaLumberjack.framework */,
				8386B2741DF908960081B74E /* CocoaLumberjackSwift.framework */,
				8386B2761DF908960081B74E /* CocoaLumberjack.framework */,
				8386B2781DF908960081B74E /* CocoaLumberjackSwift.framework */,
				8386B27A1DF908960081B74E /* libCocoaLumberjack.a */,
				8386B27C1DF908960081B74E /* CocoaLumberjack.framework */,
				8386B27E1DF908960081B74E /* CocoaLumberjackSwift.framework */,
				8386B2801DF908960081B74E /* CocoaLumberjack.framework */,
				8386B2821DF908960081B74E /* CocoaLumberjackSwift.framework */,
			);
			name = Products;
			sourceTree = "<group>";
		};
		839A61E71D995B5F008F5A84 /* Frameworks */ = {
			isa = PBXGroup;
			children = (
				835A97261FA3C8DA005D0ABE /* TSLocationManager.framework */,
				836900F81F20EBFB0073FC57 /* libz.tbd */,
				839A61EB1D995CCC008F5A84 /* TSBackgroundFetch.framework */,
			);
			name = Frameworks;
			sourceTree = "<group>";
		};
		83CBB9F61A601CBA00E9B192 = {
			isa = PBXGroup;
			children = (
				13B07FAE1A68108700A75B9A /* RNBackgroundGeolocationSample */,
				8376510B1D3ECBED00268B87 /* Fonts */,
				837651051D3ECA1E00268B87 /* libsqlite3.tbd */,
				832341AE1AAA6A7D00B99B32 /* Libraries */,
				00E356EF1AD99517003FC87E /* RNBackgroundGeolocationSampleTests */,
				83CBBA001A601CBA00E9B192 /* Products */,
				839A61E71D995B5F008F5A84 /* Frameworks */,
				035DE46F34D644999583C5C5 /* Resources */,
			);
			indentWidth = 2;
			sourceTree = "<group>";
			tabWidth = 2;
		};
		83CBBA001A601CBA00E9B192 /* Products */ = {
			isa = PBXGroup;
			children = (
				13B07F961A680F5B00A75B9A /* RNBackgroundGeolocationSample.app */,
			);
			name = Products;
			sourceTree = "<group>";
		};
		83F45CDF1E745CF700E49702 /* Products */ = {
			isa = PBXGroup;
			children = (
				83F45CE31E745CF700E49702 /* libRNVectorIcons.a */,
			);
			name = Products;
			sourceTree = "<group>";
		};
		83F45E811E75418100E49702 /* Products */ = {
			isa = PBXGroup;
			children = (
				83F45E861E75418100E49702 /* libRCTAnimation.a */,
				83F45E881E75418100E49702 /* libRCTAnimation.a */,
			);
			name = Products;
			sourceTree = "<group>";
		};
/* End PBXGroup section */

/* Begin PBXNativeTarget section */
		13B07F861A680F5B00A75B9A /* RNBackgroundGeolocationSample */ = {
			isa = PBXNativeTarget;
			buildConfigurationList = 13B07F931A680F5B00A75B9A /* Build configuration list for PBXNativeTarget "RNBackgroundGeolocationSample" */;
			buildPhases = (
				13B07F871A680F5B00A75B9A /* Sources */,
				13B07F8C1A680F5B00A75B9A /* Frameworks */,
				13B07F8E1A680F5B00A75B9A /* Resources */,
				00DD1BFF1BD5951E006B06BC /* Bundle React Native code and images */,
			);
			buildRules = (
			);
			dependencies = (
			);
			name = RNBackgroundGeolocationSample;
			productName = "Hello World";
			productReference = 13B07F961A680F5B00A75B9A /* RNBackgroundGeolocationSample.app */;
			productType = "com.apple.product-type.application";
		};
/* End PBXNativeTarget section */

/* Begin PBXProject section */
		83CBB9F71A601CBA00E9B192 /* Project object */ = {
			isa = PBXProject;
			attributes = {
				LastUpgradeCheck = 810;
				ORGANIZATIONNAME = Facebook;
				TargetAttributes = {
					13B07F861A680F5B00A75B9A = {
						DevelopmentTeam = 32A636YFGZ;
						SystemCapabilities = {
							com.apple.BackgroundModes = {
								enabled = 1;
							};
						};
					};
				};
			};
			buildConfigurationList = 83CBB9FA1A601CBA00E9B192 /* Build configuration list for PBXProject "RNBackgroundGeolocationSample" */;
			compatibilityVersion = "Xcode 3.2";
			developmentRegion = English;
			hasScannedForEncodings = 0;
			knownRegions = (
				en,
				Base,
			);
			mainGroup = 83CBB9F61A601CBA00E9B192;
			productRefGroup = 83CBBA001A601CBA00E9B192 /* Products */;
			projectDirPath = "";
			projectReferences = (
				{
					ProductGroup = 83372B181EF1C4E6001C32D4 /* Products */;
					ProjectRef = 83372B171EF1C4E6001C32D4 /* AirMaps.xcodeproj */;
				},
				{
					ProductGroup = 8386B2651DF908960081B74E /* Products */;
					ProjectRef = 8386B2641DF908960081B74E /* Lumberjack.xcodeproj */;
				},
				{
					ProductGroup = 835E97861E745846002A1DDC /* Products */;
					ProjectRef = 835E97851E745846002A1DDC /* RCTActionSheet.xcodeproj */;
				},
				{
					ProductGroup = 83F45E811E75418100E49702 /* Products */;
					ProjectRef = 83F45E801E75418100E49702 /* RCTAnimation.xcodeproj */;
				},
				{
					ProductGroup = 00C302B61ABCB90400DB3ED1 /* Products */;
					ProjectRef = 00C302B51ABCB90400DB3ED1 /* RCTGeolocation.xcodeproj */;
				},
				{
					ProductGroup = 00C302BC1ABCB91800DB3ED1 /* Products */;
					ProjectRef = 00C302BB1ABCB91800DB3ED1 /* RCTImage.xcodeproj */;
				},
				{
					ProductGroup = 835E978C1E745861002A1DDC /* Products */;
					ProjectRef = 835E978B1E745861002A1DDC /* RCTLinking.xcodeproj */;
				},
				{
					ProductGroup = 00C302D41ABCB9D200DB3ED1 /* Products */;
					ProjectRef = 00C302D31ABCB9D200DB3ED1 /* RCTNetwork.xcodeproj */;
				},
				{
					ProductGroup = 139105B71AF99BAD00B5F7CC /* Products */;
					ProjectRef = 139105B61AF99BAD00B5F7CC /* RCTSettings.xcodeproj */;
				},
				{
					ProductGroup = 832341B11AAA6A8300B99B32 /* Products */;
					ProjectRef = 832341B01AAA6A8300B99B32 /* RCTText.xcodeproj */;
				},
				{
					ProductGroup = 00C302E01ABCB9EE00DB3ED1 /* Products */;
					ProjectRef = 00C302DF1ABCB9EE00DB3ED1 /* RCTVibration.xcodeproj */;
				},
				{
					ProductGroup = 835E97971E745916002A1DDC /* Products */;
					ProjectRef = 835E97961E745916002A1DDC /* RCTWebSocket.xcodeproj */;
				},
				{
					ProductGroup = 835E976A1E745796002A1DDC /* Products */;
					ProjectRef = 835E97691E745796002A1DDC /* React.xcodeproj */;
				},
				{
					ProductGroup = 8380C2781F17E0B6005AFEEB /* Products */;
					ProjectRef = 8380C2771F17E0B6005AFEEB /* RNBackgroundFetch.xcodeproj */;
				},
				{
					ProductGroup = 835A971D1FA3C8C4005D0ABE /* Products */;
					ProjectRef = 835A971C1FA3C8C4005D0ABE /* RNBackgroundGeolocation.xcodeproj */;
				},
				{
					ProductGroup = 835E97531E745422002A1DDC /* Products */;
					ProjectRef = 835E97521E745422002A1DDC /* RNDeviceInfo.xcodeproj */;
				},
				{
					ProductGroup = 838409501E845EC900728E9C /* Products */;
					ProjectRef = 8384094F1E845EC900728E9C /* RNSpinkit.xcodeproj */;
				},
				{
					ProductGroup = 83F45CDF1E745CF700E49702 /* Products */;
					ProjectRef = 83F45CDE1E745CF700E49702 /* RNVectorIcons.xcodeproj */;
				},
			);
			projectRoot = "";
			targets = (
				13B07F861A680F5B00A75B9A /* RNBackgroundGeolocationSample */,
			);
		};
/* End PBXProject section */

/* Begin PBXReferenceProxy section */
		00C302BA1ABCB90400DB3ED1 /* libRCTGeolocation.a */ = {
			isa = PBXReferenceProxy;
			fileType = archive.ar;
			path = libRCTGeolocation.a;
			remoteRef = 00C302B91ABCB90400DB3ED1 /* PBXContainerItemProxy */;
			sourceTree = BUILT_PRODUCTS_DIR;
		};
		00C302C01ABCB91800DB3ED1 /* libRCTImage.a */ = {
			isa = PBXReferenceProxy;
			fileType = archive.ar;
			path = libRCTImage.a;
			remoteRef = 00C302BF1ABCB91800DB3ED1 /* PBXContainerItemProxy */;
			sourceTree = BUILT_PRODUCTS_DIR;
		};
		00C302DC1ABCB9D200DB3ED1 /* libRCTNetwork.a */ = {
			isa = PBXReferenceProxy;
			fileType = archive.ar;
			path = libRCTNetwork.a;
			remoteRef = 00C302DB1ABCB9D200DB3ED1 /* PBXContainerItemProxy */;
			sourceTree = BUILT_PRODUCTS_DIR;
		};
		00C302E41ABCB9EE00DB3ED1 /* libRCTVibration.a */ = {
			isa = PBXReferenceProxy;
			fileType = archive.ar;
			path = libRCTVibration.a;
			remoteRef = 00C302E31ABCB9EE00DB3ED1 /* PBXContainerItemProxy */;
			sourceTree = BUILT_PRODUCTS_DIR;
		};
		139105C11AF99BAD00B5F7CC /* libRCTSettings.a */ = {
			isa = PBXReferenceProxy;
			fileType = archive.ar;
			path = libRCTSettings.a;
			remoteRef = 139105C01AF99BAD00B5F7CC /* PBXContainerItemProxy */;
			sourceTree = BUILT_PRODUCTS_DIR;
		};
		832341B51AAA6A8300B99B32 /* libRCTText.a */ = {
			isa = PBXReferenceProxy;
			fileType = archive.ar;
			path = libRCTText.a;
			remoteRef = 832341B41AAA6A8300B99B32 /* PBXContainerItemProxy */;
			sourceTree = BUILT_PRODUCTS_DIR;
		};
		83372B0A1EF1C42F001C32D4 /* libthird-party.a */ = {
			isa = PBXReferenceProxy;
			fileType = archive.ar;
			path = "libthird-party.a";
			remoteRef = 83372B091EF1C42F001C32D4 /* PBXContainerItemProxy */;
			sourceTree = BUILT_PRODUCTS_DIR;
		};
		83372B0C1EF1C42F001C32D4 /* libdouble-conversion.a */ = {
			isa = PBXReferenceProxy;
			fileType = archive.ar;
			path = "libdouble-conversion.a";
			remoteRef = 83372B0B1EF1C42F001C32D4 /* PBXContainerItemProxy */;
			sourceTree = BUILT_PRODUCTS_DIR;
		};
		83372B151EF1C42F001C32D4 /* libRNSpinkit.a */ = {
			isa = PBXReferenceProxy;
			fileType = archive.ar;
			path = libRNSpinkit.a;
			remoteRef = 83372B141EF1C42F001C32D4 /* PBXContainerItemProxy */;
			sourceTree = BUILT_PRODUCTS_DIR;
		};
		83372B1C1EF1C4E7001C32D4 /* libAirMaps.a */ = {
			isa = PBXReferenceProxy;
			fileType = archive.ar;
			path = libAirMaps.a;
			remoteRef = 83372B1B1EF1C4E7001C32D4 /* PBXContainerItemProxy */;
			sourceTree = BUILT_PRODUCTS_DIR;
		};
		835A96B21FA3C45E005D0ABE /* libfishhook.a */ = {
			isa = PBXReferenceProxy;
			fileType = archive.ar;
			path = libfishhook.a;
			remoteRef = 835A96B11FA3C45E005D0ABE /* PBXContainerItemProxy */;
			sourceTree = BUILT_PRODUCTS_DIR;
		};
		835A96B41FA3C45E005D0ABE /* libfishhook-tvOS.a */ = {
			isa = PBXReferenceProxy;
			fileType = archive.ar;
			path = "libfishhook-tvOS.a";
			remoteRef = 835A96B31FA3C45E005D0ABE /* PBXContainerItemProxy */;
			sourceTree = BUILT_PRODUCTS_DIR;
		};
		835A96C61FA3C45E005D0ABE /* libRNDeviceInfo-tvOS.a */ = {
			isa = PBXReferenceProxy;
			fileType = archive.ar;
			path = "libRNDeviceInfo-tvOS.a";
			remoteRef = 835A96C51FA3C45E005D0ABE /* PBXContainerItemProxy */;
			sourceTree = BUILT_PRODUCTS_DIR;
		};
		835A97221FA3C8C4005D0ABE /* libRNBackgroundGeolocation.a */ = {
			isa = PBXReferenceProxy;
			fileType = archive.ar;
			path = libRNBackgroundGeolocation.a;
			remoteRef = 835A97211FA3C8C4005D0ABE /* PBXContainerItemProxy */;
			sourceTree = BUILT_PRODUCTS_DIR;
		};
		835A97241FA3C8C4005D0ABE /* RNBackgroundGeolocationTests.xctest */ = {
			isa = PBXReferenceProxy;
			fileType = wrapper.cfbundle;
			path = RNBackgroundGeolocationTests.xctest;
			remoteRef = 835A97231FA3C8C4005D0ABE /* PBXContainerItemProxy */;
			sourceTree = BUILT_PRODUCTS_DIR;
		};
		835E97571E745422002A1DDC /* libRNDeviceInfo.a */ = {
			isa = PBXReferenceProxy;
			fileType = archive.ar;
			path = libRNDeviceInfo.a;
			remoteRef = 835E97561E745422002A1DDC /* PBXContainerItemProxy */;
			sourceTree = BUILT_PRODUCTS_DIR;
		};
		835E97751E745796002A1DDC /* libReact.a */ = {
			isa = PBXReferenceProxy;
			fileType = archive.ar;
			path = libReact.a;
			remoteRef = 835E97741E745796002A1DDC /* PBXContainerItemProxy */;
			sourceTree = BUILT_PRODUCTS_DIR;
		};
		835E97771E745796002A1DDC /* libReact.a */ = {
			isa = PBXReferenceProxy;
			fileType = archive.ar;
			path = libReact.a;
			remoteRef = 835E97761E745796002A1DDC /* PBXContainerItemProxy */;
			sourceTree = BUILT_PRODUCTS_DIR;
		};
		835E97791E745796002A1DDC /* libyoga.a */ = {
			isa = PBXReferenceProxy;
			fileType = archive.ar;
			path = libyoga.a;
			remoteRef = 835E97781E745796002A1DDC /* PBXContainerItemProxy */;
			sourceTree = BUILT_PRODUCTS_DIR;
		};
		835E977B1E745796002A1DDC /* libyoga.a */ = {
			isa = PBXReferenceProxy;
			fileType = archive.ar;
			path = libyoga.a;
			remoteRef = 835E977A1E745796002A1DDC /* PBXContainerItemProxy */;
			sourceTree = BUILT_PRODUCTS_DIR;
		};
		835E977D1E745796002A1DDC /* libcxxreact.a */ = {
			isa = PBXReferenceProxy;
			fileType = archive.ar;
			path = libcxxreact.a;
			remoteRef = 835E977C1E745796002A1DDC /* PBXContainerItemProxy */;
			sourceTree = BUILT_PRODUCTS_DIR;
		};
		835E977F1E745796002A1DDC /* libcxxreact.a */ = {
			isa = PBXReferenceProxy;
			fileType = archive.ar;
			path = libcxxreact.a;
			remoteRef = 835E977E1E745796002A1DDC /* PBXContainerItemProxy */;
			sourceTree = BUILT_PRODUCTS_DIR;
		};
		835E97811E745796002A1DDC /* libjschelpers.a */ = {
			isa = PBXReferenceProxy;
			fileType = archive.ar;
			path = libjschelpers.a;
			remoteRef = 835E97801E745796002A1DDC /* PBXContainerItemProxy */;
			sourceTree = BUILT_PRODUCTS_DIR;
		};
		835E97831E745796002A1DDC /* libjschelpers.a */ = {
			isa = PBXReferenceProxy;
			fileType = archive.ar;
			path = libjschelpers.a;
			remoteRef = 835E97821E745796002A1DDC /* PBXContainerItemProxy */;
			sourceTree = BUILT_PRODUCTS_DIR;
		};
		835E978A1E745847002A1DDC /* libRCTActionSheet.a */ = {
			isa = PBXReferenceProxy;
			fileType = archive.ar;
			path = libRCTActionSheet.a;
			remoteRef = 835E97891E745847002A1DDC /* PBXContainerItemProxy */;
			sourceTree = BUILT_PRODUCTS_DIR;
		};
		835E97911E745861002A1DDC /* libRCTLinking.a */ = {
			isa = PBXReferenceProxy;
			fileType = archive.ar;
			path = libRCTLinking.a;
			remoteRef = 835E97901E745861002A1DDC /* PBXContainerItemProxy */;
			sourceTree = BUILT_PRODUCTS_DIR;
		};
		835E97931E745861002A1DDC /* libRCTLinking-tvOS.a */ = {
			isa = PBXReferenceProxy;
			fileType = archive.ar;
			path = "libRCTLinking-tvOS.a";
			remoteRef = 835E97921E745861002A1DDC /* PBXContainerItemProxy */;
			sourceTree = BUILT_PRODUCTS_DIR;
		};
		835E979C1E745916002A1DDC /* libRCTWebSocket.a */ = {
			isa = PBXReferenceProxy;
			fileType = archive.ar;
			path = libRCTWebSocket.a;
			remoteRef = 835E979B1E745916002A1DDC /* PBXContainerItemProxy */;
			sourceTree = BUILT_PRODUCTS_DIR;
		};
		835E979E1E745916002A1DDC /* libRCTWebSocket-tvOS.a */ = {
			isa = PBXReferenceProxy;
			fileType = archive.ar;
			path = "libRCTWebSocket-tvOS.a";
			remoteRef = 835E979D1E745916002A1DDC /* PBXContainerItemProxy */;
			sourceTree = BUILT_PRODUCTS_DIR;
		};
		836C60A91DDF5FD900C3BDD4 /* libRCTImage-tvOS.a */ = {
			isa = PBXReferenceProxy;
			fileType = archive.ar;
			path = "libRCTImage-tvOS.a";
			remoteRef = 836C60A81DDF5FD900C3BDD4 /* PBXContainerItemProxy */;
			sourceTree = BUILT_PRODUCTS_DIR;
		};
		836C60B31DDF5FD900C3BDD4 /* libRCTNetwork-tvOS.a */ = {
			isa = PBXReferenceProxy;
			fileType = archive.ar;
			path = "libRCTNetwork-tvOS.a";
			remoteRef = 836C60B21DDF5FD900C3BDD4 /* PBXContainerItemProxy */;
			sourceTree = BUILT_PRODUCTS_DIR;
		};
		836C60B71DDF5FD900C3BDD4 /* libRCTSettings-tvOS.a */ = {
			isa = PBXReferenceProxy;
			fileType = archive.ar;
			path = "libRCTSettings-tvOS.a";
			remoteRef = 836C60B61DDF5FD900C3BDD4 /* PBXContainerItemProxy */;
			sourceTree = BUILT_PRODUCTS_DIR;
		};
		836C60BB1DDF5FD900C3BDD4 /* libRCTText-tvOS.a */ = {
			isa = PBXReferenceProxy;
			fileType = archive.ar;
			path = "libRCTText-tvOS.a";
			remoteRef = 836C60BA1DDF5FD900C3BDD4 /* PBXContainerItemProxy */;
			sourceTree = BUILT_PRODUCTS_DIR;
		};
		8380C2801F17E0B6005AFEEB /* libRNBackgroundFetch.a */ = {
			isa = PBXReferenceProxy;
			fileType = archive.ar;
			path = libRNBackgroundFetch.a;
			remoteRef = 8380C27F1F17E0B6005AFEEB /* PBXContainerItemProxy */;
			sourceTree = BUILT_PRODUCTS_DIR;
		};
		838409541E845EC900728E9C /* libRNSpinkit.a */ = {
			isa = PBXReferenceProxy;
			fileType = archive.ar;
			path = libRNSpinkit.a;
			remoteRef = 838409531E845EC900728E9C /* PBXContainerItemProxy */;
			sourceTree = BUILT_PRODUCTS_DIR;
		};
		8386B2721DF908960081B74E /* CocoaLumberjack.framework */ = {
			isa = PBXReferenceProxy;
			fileType = wrapper.framework;
			path = CocoaLumberjack.framework;
			remoteRef = 8386B2711DF908960081B74E /* PBXContainerItemProxy */;
			sourceTree = BUILT_PRODUCTS_DIR;
		};
		8386B2741DF908960081B74E /* CocoaLumberjackSwift.framework */ = {
			isa = PBXReferenceProxy;
			fileType = wrapper.framework;
			path = CocoaLumberjackSwift.framework;
			remoteRef = 8386B2731DF908960081B74E /* PBXContainerItemProxy */;
			sourceTree = BUILT_PRODUCTS_DIR;
		};
		8386B2761DF908960081B74E /* CocoaLumberjack.framework */ = {
			isa = PBXReferenceProxy;
			fileType = wrapper.framework;
			path = CocoaLumberjack.framework;
			remoteRef = 8386B2751DF908960081B74E /* PBXContainerItemProxy */;
			sourceTree = BUILT_PRODUCTS_DIR;
		};
		8386B2781DF908960081B74E /* CocoaLumberjackSwift.framework */ = {
			isa = PBXReferenceProxy;
			fileType = wrapper.framework;
			path = CocoaLumberjackSwift.framework;
			remoteRef = 8386B2771DF908960081B74E /* PBXContainerItemProxy */;
			sourceTree = BUILT_PRODUCTS_DIR;
		};
		8386B27A1DF908960081B74E /* libCocoaLumberjack.a */ = {
			isa = PBXReferenceProxy;
			fileType = archive.ar;
			path = libCocoaLumberjack.a;
			remoteRef = 8386B2791DF908960081B74E /* PBXContainerItemProxy */;
			sourceTree = BUILT_PRODUCTS_DIR;
		};
		8386B27C1DF908960081B74E /* CocoaLumberjack.framework */ = {
			isa = PBXReferenceProxy;
			fileType = wrapper.framework;
			path = CocoaLumberjack.framework;
			remoteRef = 8386B27B1DF908960081B74E /* PBXContainerItemProxy */;
			sourceTree = BUILT_PRODUCTS_DIR;
		};
		8386B27E1DF908960081B74E /* CocoaLumberjackSwift.framework */ = {
			isa = PBXReferenceProxy;
			fileType = wrapper.framework;
			path = CocoaLumberjackSwift.framework;
			remoteRef = 8386B27D1DF908960081B74E /* PBXContainerItemProxy */;
			sourceTree = BUILT_PRODUCTS_DIR;
		};
		8386B2801DF908960081B74E /* CocoaLumberjack.framework */ = {
			isa = PBXReferenceProxy;
			fileType = wrapper.framework;
			path = CocoaLumberjack.framework;
			remoteRef = 8386B27F1DF908960081B74E /* PBXContainerItemProxy */;
			sourceTree = BUILT_PRODUCTS_DIR;
		};
		8386B2821DF908960081B74E /* CocoaLumberjackSwift.framework */ = {
			isa = PBXReferenceProxy;
			fileType = wrapper.framework;
			path = CocoaLumberjackSwift.framework;
			remoteRef = 8386B2811DF908960081B74E /* PBXContainerItemProxy */;
			sourceTree = BUILT_PRODUCTS_DIR;
		};
		83BED7D91F34BC4000EF1EAE /* libthird-party.a */ = {
			isa = PBXReferenceProxy;
			fileType = archive.ar;
			path = "libthird-party.a";
			remoteRef = 83BED7D81F34BC4000EF1EAE /* PBXContainerItemProxy */;
			sourceTree = BUILT_PRODUCTS_DIR;
		};
		83BED7DB1F34BC4000EF1EAE /* libdouble-conversion.a */ = {
			isa = PBXReferenceProxy;
			fileType = archive.ar;
			path = "libdouble-conversion.a";
			remoteRef = 83BED7DA1F34BC4000EF1EAE /* PBXContainerItemProxy */;
			sourceTree = BUILT_PRODUCTS_DIR;
		};
		83F45CE31E745CF700E49702 /* libRNVectorIcons.a */ = {
			isa = PBXReferenceProxy;
			fileType = archive.ar;
			path = libRNVectorIcons.a;
			remoteRef = 83F45CE21E745CF700E49702 /* PBXContainerItemProxy */;
			sourceTree = BUILT_PRODUCTS_DIR;
		};
		83F45E861E75418100E49702 /* libRCTAnimation.a */ = {
			isa = PBXReferenceProxy;
			fileType = archive.ar;
			path = libRCTAnimation.a;
			remoteRef = 83F45E851E75418100E49702 /* PBXContainerItemProxy */;
			sourceTree = BUILT_PRODUCTS_DIR;
		};
		83F45E881E75418100E49702 /* libRCTAnimation.a */ = {
			isa = PBXReferenceProxy;
			fileType = archive.ar;
			path = libRCTAnimation.a;
			remoteRef = 83F45E871E75418100E49702 /* PBXContainerItemProxy */;
			sourceTree = BUILT_PRODUCTS_DIR;
		};
/* End PBXReferenceProxy section */

/* Begin PBXResourcesBuildPhase section */
		13B07F8E1A680F5B00A75B9A /* Resources */ = {
			isa = PBXResourcesBuildPhase;
			buildActionMask = 2147483647;
			files = (
				837651191D3ECBED00268B87 /* MaterialIcons.ttf in Resources */,
				8376511A1D3ECBED00268B87 /* Octicons.ttf in Resources */,
				8376511B1D3ECBED00268B87 /* Zocial.ttf in Resources */,
				13B07FBF1A68108700A75B9A /* Images.xcassets in Resources */,
				837651161D3ECBED00268B87 /* FontAwesome.ttf in Resources */,
				837651151D3ECBED00268B87 /* EvilIcons.ttf in Resources */,
				837651181D3ECBED00268B87 /* Ionicons.ttf in Resources */,
				837651171D3ECBED00268B87 /* Foundation.ttf in Resources */,
				837651141D3ECBED00268B87 /* Entypo.ttf in Resources */,
				13B07FBD1A68108700A75B9A /* LaunchScreen.xib in Resources */,
				6500498C93CE4065A9DBFD75 /* Entypo.ttf in Resources */,
				C2ABE69BB6F44A46818B1B38 /* EvilIcons.ttf in Resources */,
				9C47468AC88E4A43A2C6E4AE /* FontAwesome.ttf in Resources */,
				D233C3D2B0B6479187166703 /* Foundation.ttf in Resources */,
				07889E581A9445B781BB8CC4 /* Ionicons.ttf in Resources */,
				121D5758DBBA48D6B3F754C2 /* MaterialIcons.ttf in Resources */,
				D1D6C86A2640469BA4F386C2 /* Octicons.ttf in Resources */,
				34D774FFBD134B438E426E79 /* Roboto_medium.ttf in Resources */,
				764E6A04CA5841F3AE2A3A92 /* Roboto.ttf in Resources */,
				F3D55971EFAA4F1FABF153BE /* rubicon-icon-font.ttf in Resources */,
				9916ECE5392A4D35A452466B /* SimpleLineIcons.ttf in Resources */,
				FBC46B81AEEA49EF95C80FB6 /* Zocial.ttf in Resources */,
			);
			runOnlyForDeploymentPostprocessing = 0;
		};
/* End PBXResourcesBuildPhase section */

/* Begin PBXShellScriptBuildPhase section */
		00DD1BFF1BD5951E006B06BC /* Bundle React Native code and images */ = {
			isa = PBXShellScriptBuildPhase;
			buildActionMask = 12;
			files = (
			);
			inputPaths = (
			);
			name = "Bundle React Native code and images";
			outputPaths = (
			);
			runOnlyForDeploymentPostprocessing = 0;
			shellPath = /bin/sh;
			shellScript = "export NODE_BINARY=node\n#../node_modules/react-native/packager/react-native-xcode.sh\n../node_modules/react-native/scripts/react-native-xcode.sh index.ios.js";
		};
/* End PBXShellScriptBuildPhase section */

/* Begin PBXSourcesBuildPhase section */
		13B07F871A680F5B00A75B9A /* Sources */ = {
			isa = PBXSourcesBuildPhase;
			buildActionMask = 2147483647;
			files = (
				83DE67DF1F17DD1800414438 /* RNBackgroundFetch+AppDelegate.m in Sources */,
				13B07FBC1A68108700A75B9A /* AppDelegate.m in Sources */,
				13B07FC11A68108700A75B9A /* main.m in Sources */,
			);
			runOnlyForDeploymentPostprocessing = 0;
		};
/* End PBXSourcesBuildPhase section */

/* Begin PBXVariantGroup section */
		13B07FB11A68108700A75B9A /* LaunchScreen.xib */ = {
			isa = PBXVariantGroup;
			children = (
				13B07FB21A68108700A75B9A /* Base */,
			);
			name = LaunchScreen.xib;
			path = RNBackgroundGeolocationSample;
			sourceTree = "<group>";
		};
/* End PBXVariantGroup section */

/* Begin XCBuildConfiguration section */
		13B07F941A680F5B00A75B9A /* Debug */ = {
			isa = XCBuildConfiguration;
			buildSettings = {
				ASSETCATALOG_COMPILER_APPICON_NAME = AppIcon;
				DEAD_CODE_STRIPPING = NO;
				DEVELOPMENT_TEAM = 32A636YFGZ;
				ENABLE_TESTABILITY = NO;
				FRAMEWORK_SEARCH_PATHS = (
					"$(inherited)",
					"$(PROJECT_DIR)",
					"$(PROJECT_DIR)/../node_modules/react-native-background-geolocation/ios/**",
					"$(PROJECT_DIR)/../node_modules/react-native-background-fetch/ios/**",
				);
				HEADER_SEARCH_PATHS = "";
				INFOPLIST_FILE = RNBackgroundGeolocationSample/Info.plist;
				IPHONEOS_DEPLOYMENT_TARGET = 8.4;
				LD_RUNPATH_SEARCH_PATHS = "$(inherited) @executable_path/Frameworks";
				OTHER_LDFLAGS = (
					"$(inherited)",
					"-lc++",
					"-ObjC",
				);
				PRODUCT_BUNDLE_IDENTIFIER = com.transistorsoft.backgroundgeolocation.react;
				PRODUCT_NAME = RNBackgroundGeolocationSample;
			};
			name = Debug;
		};
		13B07F951A680F5B00A75B9A /* Release */ = {
			isa = XCBuildConfiguration;
			buildSettings = {
				ASSETCATALOG_COMPILER_APPICON_NAME = AppIcon;
				DEVELOPMENT_TEAM = 32A636YFGZ;
				ENABLE_TESTABILITY = NO;
				FRAMEWORK_SEARCH_PATHS = (
					"$(inherited)",
					"$(PROJECT_DIR)",
					"$(PROJECT_DIR)/../node_modules/react-native-background-geolocation/ios/**",
					"$(PROJECT_DIR)/../node_modules/react-native-background-fetch/ios/**",
				);
				HEADER_SEARCH_PATHS = "";
				INFOPLIST_FILE = RNBackgroundGeolocationSample/Info.plist;
				IPHONEOS_DEPLOYMENT_TARGET = 8.4;
				LD_RUNPATH_SEARCH_PATHS = "$(inherited) @executable_path/Frameworks";
				OTHER_LDFLAGS = (
					"$(inherited)",
					"-lc++",
					"-ObjC",
				);
				PRODUCT_BUNDLE_IDENTIFIER = com.transistorsoft.backgroundgeolocation.react;
				PRODUCT_NAME = RNBackgroundGeolocationSample;
			};
			name = Release;
		};
		83CBBA201A601CBA00E9B192 /* Debug */ = {
			isa = XCBuildConfiguration;
			buildSettings = {
				ALWAYS_SEARCH_USER_PATHS = NO;
				CLANG_CXX_LANGUAGE_STANDARD = "gnu++0x";
				CLANG_CXX_LIBRARY = "libc++";
				CLANG_ENABLE_MODULES = YES;
				CLANG_ENABLE_OBJC_ARC = YES;
				CLANG_WARN_BOOL_CONVERSION = YES;
				CLANG_WARN_CONSTANT_CONVERSION = YES;
				CLANG_WARN_DIRECT_OBJC_ISA_USAGE = YES_ERROR;
				CLANG_WARN_EMPTY_BODY = YES;
				CLANG_WARN_ENUM_CONVERSION = YES;
				CLANG_WARN_INFINITE_RECURSION = YES;
				CLANG_WARN_INT_CONVERSION = YES;
				CLANG_WARN_OBJC_ROOT_CLASS = YES_ERROR;
				CLANG_WARN_SUSPICIOUS_MOVE = YES;
				CLANG_WARN_UNREACHABLE_CODE = YES;
				CLANG_WARN__DUPLICATE_METHOD_MATCH = YES;
				"CODE_SIGN_IDENTITY[sdk=iphoneos*]" = "iPhone Developer";
				COPY_PHASE_STRIP = NO;
				ENABLE_STRICT_OBJC_MSGSEND = YES;
				ENABLE_TESTABILITY = YES;
				GCC_C_LANGUAGE_STANDARD = gnu99;
				GCC_DYNAMIC_NO_PIC = NO;
				GCC_NO_COMMON_BLOCKS = YES;
				GCC_OPTIMIZATION_LEVEL = 0;
				GCC_PREPROCESSOR_DEFINITIONS = (
					"DEBUG=1",
					"$(inherited)",
				);
				GCC_SYMBOLS_PRIVATE_EXTERN = NO;
				GCC_WARN_64_TO_32_BIT_CONVERSION = YES;
				GCC_WARN_ABOUT_RETURN_TYPE = YES_ERROR;
				GCC_WARN_UNDECLARED_SELECTOR = YES;
				GCC_WARN_UNINITIALIZED_AUTOS = YES_AGGRESSIVE;
				GCC_WARN_UNUSED_FUNCTION = YES;
				GCC_WARN_UNUSED_VARIABLE = YES;
				HEADER_SEARCH_PATHS = (
					"$(inherited)",
					/Applications/Xcode.app/Contents/Developer/Toolchains/XcodeDefault.xctoolchain/usr/include,
					"$(SRCROOT)/../node_modules/react-native/React/**",
				);
				IPHONEOS_DEPLOYMENT_TARGET = 8.0;
				MTL_ENABLE_DEBUG_INFO = YES;
				ONLY_ACTIVE_ARCH = YES;
				SDKROOT = iphoneos;
			};
			name = Debug;
		};
		83CBBA211A601CBA00E9B192 /* Release */ = {
			isa = XCBuildConfiguration;
			buildSettings = {
				ALWAYS_SEARCH_USER_PATHS = NO;
				CLANG_CXX_LANGUAGE_STANDARD = "gnu++0x";
				CLANG_CXX_LIBRARY = "libc++";
				CLANG_ENABLE_MODULES = YES;
				CLANG_ENABLE_OBJC_ARC = YES;
				CLANG_WARN_BOOL_CONVERSION = YES;
				CLANG_WARN_CONSTANT_CONVERSION = YES;
				CLANG_WARN_DIRECT_OBJC_ISA_USAGE = YES_ERROR;
				CLANG_WARN_EMPTY_BODY = YES;
				CLANG_WARN_ENUM_CONVERSION = YES;
				CLANG_WARN_INFINITE_RECURSION = YES;
				CLANG_WARN_INT_CONVERSION = YES;
				CLANG_WARN_OBJC_ROOT_CLASS = YES_ERROR;
				CLANG_WARN_SUSPICIOUS_MOVE = YES;
				CLANG_WARN_UNREACHABLE_CODE = YES;
				CLANG_WARN__DUPLICATE_METHOD_MATCH = YES;
				"CODE_SIGN_IDENTITY[sdk=iphoneos*]" = "iPhone Developer";
				COPY_PHASE_STRIP = YES;
				ENABLE_NS_ASSERTIONS = NO;
				ENABLE_STRICT_OBJC_MSGSEND = YES;
				GCC_C_LANGUAGE_STANDARD = gnu99;
				GCC_NO_COMMON_BLOCKS = YES;
				GCC_WARN_64_TO_32_BIT_CONVERSION = YES;
				GCC_WARN_ABOUT_RETURN_TYPE = YES_ERROR;
				GCC_WARN_UNDECLARED_SELECTOR = YES;
				GCC_WARN_UNINITIALIZED_AUTOS = YES_AGGRESSIVE;
				GCC_WARN_UNUSED_FUNCTION = YES;
				GCC_WARN_UNUSED_VARIABLE = YES;
				HEADER_SEARCH_PATHS = (
					"$(inherited)",
					/Applications/Xcode.app/Contents/Developer/Toolchains/XcodeDefault.xctoolchain/usr/include,
					"$(SRCROOT)/../node_modules/react-native/React/**",
				);
				IPHONEOS_DEPLOYMENT_TARGET = 8.0;
				MTL_ENABLE_DEBUG_INFO = NO;
				SDKROOT = iphoneos;
				VALIDATE_PRODUCT = YES;
			};
			name = Release;
		};
/* End XCBuildConfiguration section */

/* Begin XCConfigurationList section */
		13B07F931A680F5B00A75B9A /* Build configuration list for PBXNativeTarget "RNBackgroundGeolocationSample" */ = {
			isa = XCConfigurationList;
			buildConfigurations = (
				13B07F941A680F5B00A75B9A /* Debug */,
				13B07F951A680F5B00A75B9A /* Release */,
			);
			defaultConfigurationIsVisible = 0;
			defaultConfigurationName = Release;
		};
		83CBB9FA1A601CBA00E9B192 /* Build configuration list for PBXProject "RNBackgroundGeolocationSample" */ = {
			isa = XCConfigurationList;
			buildConfigurations = (
				83CBBA201A601CBA00E9B192 /* Debug */,
				83CBBA211A601CBA00E9B192 /* Release */,
			);
			defaultConfigurationIsVisible = 0;
			defaultConfigurationName = Release;
		};
/* End XCConfigurationList section */
	};
	rootObject = 83CBB9F71A601CBA00E9B192 /* Project object */;
}
